
Microsoft Visual Studio Solution File, Format Version 11.00
# Visual Studio 2010
Project("{FAE04EC0-301F-11D3-BF4B-00C04F79EFBC}") = "Library", "Library\Library.csproj", "{3915ADD6-5F33-4452-89EA-8906518E2128}"
EndProject
Project("{FAE04EC0-301F-11D3-BF4B-00C04F79EFBC}") = "Services", "Services\Services.csproj", "{34AECC13-2214-4FB6-B4E5-016FEE0120A5}"
EndProject
Project("{FAE04EC0-301F-11D3-BF4B-00C04F79EFBC}") = "WebSample", "WebSample\WebSample.csproj", "{C0A42819-821E-4FD9-9C67-EF54BA49DB42}"
EndProject
Project("{FAE04EC0-301F-11D3-BF4B-00C04F79EFBC}") = "Services.Tests", "Services\Services.Tests\Services.Tests.csproj", "{EEC124DB-4DFB-4497-A6DA-3A7DF790BA31}"
EndProject
Project("{FAE04EC0-301F-11D3-BF4B-00C04F79EFBC}") = "Library.Tests", "Library\Library.Tests\Library.Tests.csproj", "{551A812B-F7C6-4720-B231-0B6210BB8F18}"
EndProject
Project("{2150E333-8FDC-42A3-9474-1A3956D46DE8}") = ".nuget", ".nuget", "{5BD3529B-702D-46F6-8BBE-B934758A8156}"
	ProjectSection(SolutionItems) = preProject
		.nuget\NuGet.exe = .nuget\NuGet.exe
		.nuget\NuGet.targets = .nuget\NuGet.targets
	EndProjectSection
EndProject
Project("{2150E333-8FDC-42A3-9474-1A3956D46DE8}") = "build", "build", "{732BF627-8EB5-4FF3-A3F7-CAD985698A13}"
	ProjectSection(SolutionItems) = preProject
		build\GeoSik.Common.targets = build\GeoSik.Common.targets
		GeoSik.proj = GeoSik.proj
	EndProjectSection
EndProject
Project("{FAE04EC0-301F-11D3-BF4B-00C04F79EFBC}") = "SqlServer", "SqlServer\SqlServer.csproj", "{5CFC8782-7087-4F37-AA3B-ED503E3BDAE6}"
EndProject
Project("{FAE04EC0-301F-11D3-BF4B-00C04F79EFBC}") = "Fdo", "Fdo\Fdo.csproj", "{6CCF671A-CF09-418F-886E-98E7F069321D}"
EndProject
Project("{FAE04EC0-301F-11D3-BF4B-00C04F79EFBC}") = "SharpMap", "SharpMap\SharpMap.csproj", "{6470553D-BFB6-40FE-92AC-B9466F129CF0}"
EndProject
Project("{2150E333-8FDC-42A3-9474-1A3956D46DE8}") = "misc", "misc", "{02879CE5-78DF-46DC-9EA1-2FABB2BFD78D}"
	ProjectSection(SolutionItems) = preProject
		misc\GeoSik.Fdo.nuspec = misc\GeoSik.Fdo.nuspec
		misc\GeoSik.nuspec = misc\GeoSik.nuspec
		misc\GeoSik.SharpMap.nuspec = misc\GeoSik.SharpMap.nuspec
		misc\GeoSik.SqlServer.nuspec = misc\GeoSik.SqlServer.nuspec
	EndProjectSection
EndProject
Global
	GlobalSection(SolutionConfigurationPlatforms) = preSolution
		Debug|Any CPU = Debug|Any CPU
		Release|Any CPU = Release|Any CPU
	EndGlobalSection
	GlobalSection(ProjectConfigurationPlatforms) = postSolution
		{3915ADD6-5F33-4452-89EA-8906518E2128}.Debug|Any CPU.ActiveCfg = Debug|Any CPU
		{3915ADD6-5F33-4452-89EA-8906518E2128}.Debug|Any CPU.Build.0 = Debug|Any CPU
		{3915ADD6-5F33-4452-89EA-8906518E2128}.Release|Any CPU.ActiveCfg = Release|Any CPU
		{3915ADD6-5F33-4452-89EA-8906518E2128}.Release|Any CPU.Build.0 = Release|Any CPU
		{34AECC13-2214-4FB6-B4E5-016FEE0120A5}.Debug|Any CPU.ActiveCfg = Debug|Any CPU
		{34AECC13-2214-4FB6-B4E5-016FEE0120A5}.Debug|Any CPU.Build.0 = Debug|Any CPU
		{34AECC13-2214-4FB6-B4E5-016FEE0120A5}.Release|Any CPU.ActiveCfg = Release|Any CPU
		{34AECC13-2214-4FB6-B4E5-016FEE0120A5}.Release|Any CPU.Build.0 = Release|Any CPU
		{C0A42819-821E-4FD9-9C67-EF54BA49DB42}.Debug|Any CPU.ActiveCfg = Debug|Any CPU
		{C0A42819-821E-4FD9-9C67-EF54BA49DB42}.Debug|Any CPU.Build.0 = Debug|Any CPU
		{C0A42819-821E-4FD9-9C67-EF54BA49DB42}.Release|Any CPU.ActiveCfg = Release|Any CPU
		{C0A42819-821E-4FD9-9C67-EF54BA49DB42}.Release|Any CPU.Build.0 = Release|Any CPU
		{EEC124DB-4DFB-4497-A6DA-3A7DF790BA31}.Debug|Any CPU.ActiveCfg = Debug|Any CPU
		{EEC124DB-4DFB-4497-A6DA-3A7DF790BA31}.Debug|Any CPU.Build.0 = Debug|Any CPU
		{EEC124DB-4DFB-4497-A6DA-3A7DF790BA31}.Release|Any CPU.ActiveCfg = Release|Any CPU
		{EEC124DB-4DFB-4497-A6DA-3A7DF790BA31}.Release|Any CPU.Build.0 = Release|Any CPU
		{551A812B-F7C6-4720-B231-0B6210BB8F18}.Debug|Any CPU.ActiveCfg = Debug|Any CPU
		{551A812B-F7C6-4720-B231-0B6210BB8F18}.Debug|Any CPU.Build.0 = Debug|Any CPU
		{551A812B-F7C6-4720-B231-0B6210BB8F18}.Release|Any CPU.ActiveCfg = Release|Any CPU
		{551A812B-F7C6-4720-B231-0B6210BB8F18}.Release|Any CPU.Build.0 = Release|Any CPU
		{5CFC8782-7087-4F37-AA3B-ED503E3BDAE6}.Debug|Any CPU.ActiveCfg = Debug|Any CPU
		{5CFC8782-7087-4F37-AA3B-ED503E3BDAE6}.Debug|Any CPU.Build.0 = Debug|Any CPU
		{5CFC8782-7087-4F37-AA3B-ED503E3BDAE6}.Release|Any CPU.ActiveCfg = Release|Any CPU
		{5CFC8782-7087-4F37-AA3B-ED503E3BDAE6}.Release|Any CPU.Build.0 = Release|Any CPU
		{6CCF671A-CF09-418F-886E-98E7F069321D}.Debug|Any CPU.ActiveCfg = Debug|Any CPU
		{6CCF671A-CF09-418F-886E-98E7F069321D}.Debug|Any CPU.Build.0 = Debug|Any CPU
		{6CCF671A-CF09-418F-886E-98E7F069321D}.Release|Any CPU.ActiveCfg = Release|Any CPU
		{6CCF671A-CF09-418F-886E-98E7F069321D}.Release|Any CPU.Build.0 = Release|Any CPU
		{6470553D-BFB6-40FE-92AC-B9466F129CF0}.Debug|Any CPU.ActiveCfg = Debug|Any CPU
		{6470553D-BFB6-40FE-92AC-B9466F129CF0}.Debug|Any CPU.Build.0 = Debug|Any CPU
		{6470553D-BFB6-40FE-92AC-B9466F129CF0}.Release|Any CPU.ActiveCfg = Release|Any CPU
		{6470553D-BFB6-40FE-92AC-B9466F129CF0}.Release|Any CPU.Build.0 = Release|Any CPU
	EndGlobalSection
	GlobalSection(SolutionProperties) = preSolution
		HideSolutionNode = FALSE
	EndGlobalSection
EndGlobal
