
Microsoft Visual Studio Solution File, Format Version 12.00
# Visual Studio 2013
VisualStudioVersion = 12.0.30501.0
MinimumVisualStudioVersion = 10.0.40219.1
Project("{2150E333-8FDC-42A3-9474-1A3956D46DE8}") = ".nuget", ".nuget", "{5BD3529B-702D-46F6-8BBE-B934758A8156}"
	ProjectSection(SolutionItems) = preProject
		.nuget\NuGet.exe = .nuget\NuGet.exe
		.nuget\NuGet.targets = .nuget\NuGet.targets
	EndProjectSection
EndProject
Project("{2150E333-8FDC-42A3-9474-1A3956D46DE8}") = "build", "build", "{732BF627-8EB5-4FF3-A3F7-CAD985698A13}"
	ProjectSection(SolutionItems) = preProject
		GeoSik.proj = GeoSik.proj
	EndProjectSection
EndProject
Project("{2150E333-8FDC-42A3-9474-1A3956D46DE8}") = "misc", "misc", "{02879CE5-78DF-46DC-9EA1-2FABB2BFD78D}"
	ProjectSection(SolutionItems) = preProject
		misc\GeoSik.DotSpatial.nuspec = misc\GeoSik.DotSpatial.nuspec
		misc\GeoSik.Externals.nuspec = misc\GeoSik.Externals.nuspec
		misc\GeoSik.Fdo.nuspec = misc\GeoSik.Fdo.nuspec
		misc\GeoSik.nuspec = misc\GeoSik.nuspec
		misc\GeoSik.ProjNet.nuspec = misc\GeoSik.ProjNet.nuspec
		misc\GeoSik.Services.nuspec = misc\GeoSik.Services.nuspec
		misc\GeoSik.SharpMap.nuspec = misc\GeoSik.SharpMap.nuspec
		misc\GeoSik.SqlServer.2008R2.nuspec = misc\GeoSik.SqlServer.2008R2.nuspec
		misc\GeoSik.SqlServer.2012.nuspec = misc\GeoSik.SqlServer.2012.nuspec
	EndProjectSection
EndProject
Project("{FAE04EC0-301F-11D3-BF4B-00C04F79EFBC}") = "Library", "Library\Library.csproj", "{3915ADD6-5F33-4452-89EA-8906518E2128}"
EndProject
Project("{FAE04EC0-301F-11D3-BF4B-00C04F79EFBC}") = "Services", "Services\Services.csproj", "{34AECC13-2214-4FB6-B4E5-016FEE0120A5}"
EndProject
Project("{FAE04EC0-301F-11D3-BF4B-00C04F79EFBC}") = "WebSample", "WebSample\WebSample.csproj", "{C0A42819-821E-4FD9-9C67-EF54BA49DB42}"
EndProject
Project("{FAE04EC0-301F-11D3-BF4B-00C04F79EFBC}") = "Services.Tests", "Services\Services.Tests\Services.Tests.csproj", "{EEC124DB-4DFB-4497-A6DA-3A7DF790BA31}"
EndProject
Project("{FAE04EC0-301F-11D3-BF4B-00C04F79EFBC}") = "Library.Tests", "Library\Library.Tests\Library.Tests.csproj", "{551A812B-F7C6-4720-B231-0B6210BB8F18}"
EndProject
Project("{FAE04EC0-301F-11D3-BF4B-00C04F79EFBC}") = "SqlServer.2008R2", "SqlServer\2008R2\SqlServer.2008R2.csproj", "{5CFC8782-7087-4F37-AA3B-ED503E3BDAE6}"
EndProject
Project("{FAE04EC0-301F-11D3-BF4B-00C04F79EFBC}") = "Fdo", "Fdo\Fdo.csproj", "{6CCF671A-CF09-418F-886E-98E7F069321D}"
EndProject
Project("{FAE04EC0-301F-11D3-BF4B-00C04F79EFBC}") = "SharpMap", "SharpMap\SharpMap.csproj", "{6470553D-BFB6-40FE-92AC-B9466F129CF0}"
EndProject
Project("{FAE04EC0-301F-11D3-BF4B-00C04F79EFBC}") = "SqlServer.2008R2.Tests", "SqlServer\2008R2\SqlServer.Tests\SqlServer.2008R2.Tests.csproj", "{22ECEC42-EE00-43F5-97E6-258B7BFC752E}"
EndProject
Project("{7CF6DF6D-3B04-46F8-A40B-537D21BCA0B4}") = "GeoSikHelp", "doc\GeoSikHelp\GeoSikHelp.shfbproj", "{8B9DC846-D56C-4D19-9604-7D5CEE4828A8}"
EndProject
Project("{FAE04EC0-301F-11D3-BF4B-00C04F79EFBC}") = "SqlServer.2012", "SqlServer\2012\SqlServer.2012.csproj", "{F78E269D-382D-448D-A847-C083119EF2C5}"
EndProject
Project("{FAE04EC0-301F-11D3-BF4B-00C04F79EFBC}") = "SqlServer.2012.Tests", "SqlServer\2012\SqlServer.Tests\SqlServer.2012.Tests.csproj", "{4C52E072-D774-43F8-841F-63C1C02C56D0}"
EndProject
Project("{FAE04EC0-301F-11D3-BF4B-00C04F79EFBC}") = "ProjNet", "ProjNet\ProjNet.csproj", "{972DE56C-662A-4EC7-A363-0BEE2FC548F9}"
EndProject
Project("{FAE04EC0-301F-11D3-BF4B-00C04F79EFBC}") = "DotSpatial", "DotSpatial\DotSpatial.csproj", "{0601007E-07C5-45BA-8148-EDF840E0DF8D}"
EndProject
Project("{FAE04EC0-301F-11D3-BF4B-00C04F79EFBC}") = "ProjNet.Tests", "ProjNet\ProjNet.Tests\ProjNet.Tests.csproj", "{299E2DF5-244D-4D32-9D86-C5730657D7A5}"
EndProject
Project("{FAE04EC0-301F-11D3-BF4B-00C04F79EFBC}") = "DotSpatial.Tests", "DotSpatial\DotSpatial.Tests\DotSpatial.Tests.csproj", "{2025F930-88A7-43B0-B056-85FF3D83424E}"
EndProject
Project("{FAE04EC0-301F-11D3-BF4B-00C04F79EFBC}") = "Data.Entity", "Data.Entity\Data.Entity.csproj", "{04C3B052-9CE5-43BE-BEC0-4DC9F5154223}"
EndProject
Global
	GlobalSection(SolutionConfigurationPlatforms) = preSolution
		Debug|Any CPU = Debug|Any CPU
		Release|Any CPU = Release|Any CPU
	EndGlobalSection
	GlobalSection(ProjectConfigurationPlatforms) = postSolution
		{3915ADD6-5F33-4452-89EA-8906518E2128}.Debug|Any CPU.ActiveCfg = Debug|Any CPU
		{3915ADD6-5F33-4452-89EA-8906518E2128}.Debug|Any CPU.Build.0 = Debug|Any CPU
		{3915ADD6-5F33-4452-89EA-8906518E2128}.Release|Any CPU.ActiveCfg = Release|Any CPU
		{3915ADD6-5F33-4452-89EA-8906518E2128}.Release|Any CPU.Build.0 = Release|Any CPU
		{34AECC13-2214-4FB6-B4E5-016FEE0120A5}.Debug|Any CPU.ActiveCfg = Debug|Any CPU
		{34AECC13-2214-4FB6-B4E5-016FEE0120A5}.Debug|Any CPU.Build.0 = Debug|Any CPU
		{34AECC13-2214-4FB6-B4E5-016FEE0120A5}.Release|Any CPU.ActiveCfg = Release|Any CPU
		{34AECC13-2214-4FB6-B4E5-016FEE0120A5}.Release|Any CPU.Build.0 = Release|Any CPU
		{C0A42819-821E-4FD9-9C67-EF54BA49DB42}.Debug|Any CPU.ActiveCfg = Debug|Any CPU
		{C0A42819-821E-4FD9-9C67-EF54BA49DB42}.Debug|Any CPU.Build.0 = Debug|Any CPU
		{C0A42819-821E-4FD9-9C67-EF54BA49DB42}.Release|Any CPU.ActiveCfg = Release|Any CPU
		{C0A42819-821E-4FD9-9C67-EF54BA49DB42}.Release|Any CPU.Build.0 = Release|Any CPU
		{EEC124DB-4DFB-4497-A6DA-3A7DF790BA31}.Debug|Any CPU.ActiveCfg = Debug|Any CPU
		{EEC124DB-4DFB-4497-A6DA-3A7DF790BA31}.Debug|Any CPU.Build.0 = Debug|Any CPU
		{EEC124DB-4DFB-4497-A6DA-3A7DF790BA31}.Release|Any CPU.ActiveCfg = Release|Any CPU
		{EEC124DB-4DFB-4497-A6DA-3A7DF790BA31}.Release|Any CPU.Build.0 = Release|Any CPU
		{551A812B-F7C6-4720-B231-0B6210BB8F18}.Debug|Any CPU.ActiveCfg = Debug|Any CPU
		{551A812B-F7C6-4720-B231-0B6210BB8F18}.Debug|Any CPU.Build.0 = Debug|Any CPU
		{551A812B-F7C6-4720-B231-0B6210BB8F18}.Release|Any CPU.ActiveCfg = Release|Any CPU
		{551A812B-F7C6-4720-B231-0B6210BB8F18}.Release|Any CPU.Build.0 = Release|Any CPU
		{5CFC8782-7087-4F37-AA3B-ED503E3BDAE6}.Debug|Any CPU.ActiveCfg = Debug|Any CPU
		{5CFC8782-7087-4F37-AA3B-ED503E3BDAE6}.Debug|Any CPU.Build.0 = Debug|Any CPU
		{5CFC8782-7087-4F37-AA3B-ED503E3BDAE6}.Release|Any CPU.ActiveCfg = Release|Any CPU
		{5CFC8782-7087-4F37-AA3B-ED503E3BDAE6}.Release|Any CPU.Build.0 = Release|Any CPU
		{6CCF671A-CF09-418F-886E-98E7F069321D}.Debug|Any CPU.ActiveCfg = Debug|Any CPU
		{6CCF671A-CF09-418F-886E-98E7F069321D}.Debug|Any CPU.Build.0 = Debug|Any CPU
		{6CCF671A-CF09-418F-886E-98E7F069321D}.Release|Any CPU.ActiveCfg = Release|Any CPU
		{6CCF671A-CF09-418F-886E-98E7F069321D}.Release|Any CPU.Build.0 = Release|Any CPU
		{6470553D-BFB6-40FE-92AC-B9466F129CF0}.Debug|Any CPU.ActiveCfg = Debug|Any CPU
		{6470553D-BFB6-40FE-92AC-B9466F129CF0}.Debug|Any CPU.Build.0 = Debug|Any CPU
		{6470553D-BFB6-40FE-92AC-B9466F129CF0}.Release|Any CPU.ActiveCfg = Release|Any CPU
		{6470553D-BFB6-40FE-92AC-B9466F129CF0}.Release|Any CPU.Build.0 = Release|Any CPU
		{22ECEC42-EE00-43F5-97E6-258B7BFC752E}.Debug|Any CPU.ActiveCfg = Debug|Any CPU
		{22ECEC42-EE00-43F5-97E6-258B7BFC752E}.Debug|Any CPU.Build.0 = Debug|Any CPU
		{22ECEC42-EE00-43F5-97E6-258B7BFC752E}.Release|Any CPU.ActiveCfg = Release|Any CPU
		{22ECEC42-EE00-43F5-97E6-258B7BFC752E}.Release|Any CPU.Build.0 = Release|Any CPU
		{8B9DC846-D56C-4D19-9604-7D5CEE4828A8}.Debug|Any CPU.ActiveCfg = Debug|Any CPU
		{8B9DC846-D56C-4D19-9604-7D5CEE4828A8}.Release|Any CPU.ActiveCfg = Release|Any CPU
		{F78E269D-382D-448D-A847-C083119EF2C5}.Debug|Any CPU.ActiveCfg = Debug|Any CPU
		{F78E269D-382D-448D-A847-C083119EF2C5}.Debug|Any CPU.Build.0 = Debug|Any CPU
		{F78E269D-382D-448D-A847-C083119EF2C5}.Release|Any CPU.ActiveCfg = Release|Any CPU
		{F78E269D-382D-448D-A847-C083119EF2C5}.Release|Any CPU.Build.0 = Release|Any CPU
		{4C52E072-D774-43F8-841F-63C1C02C56D0}.Debug|Any CPU.ActiveCfg = Debug|Any CPU
		{4C52E072-D774-43F8-841F-63C1C02C56D0}.Debug|Any CPU.Build.0 = Debug|Any CPU
		{4C52E072-D774-43F8-841F-63C1C02C56D0}.Release|Any CPU.ActiveCfg = Release|Any CPU
		{4C52E072-D774-43F8-841F-63C1C02C56D0}.Release|Any CPU.Build.0 = Release|Any CPU
		{972DE56C-662A-4EC7-A363-0BEE2FC548F9}.Debug|Any CPU.ActiveCfg = Debug|Any CPU
		{972DE56C-662A-4EC7-A363-0BEE2FC548F9}.Debug|Any CPU.Build.0 = Debug|Any CPU
		{972DE56C-662A-4EC7-A363-0BEE2FC548F9}.Release|Any CPU.ActiveCfg = Release|Any CPU
		{972DE56C-662A-4EC7-A363-0BEE2FC548F9}.Release|Any CPU.Build.0 = Release|Any CPU
		{0601007E-07C5-45BA-8148-EDF840E0DF8D}.Debug|Any CPU.ActiveCfg = Debug|Any CPU
		{0601007E-07C5-45BA-8148-EDF840E0DF8D}.Debug|Any CPU.Build.0 = Debug|Any CPU
		{0601007E-07C5-45BA-8148-EDF840E0DF8D}.Release|Any CPU.ActiveCfg = Release|Any CPU
		{0601007E-07C5-45BA-8148-EDF840E0DF8D}.Release|Any CPU.Build.0 = Release|Any CPU
		{299E2DF5-244D-4D32-9D86-C5730657D7A5}.Debug|Any CPU.ActiveCfg = Debug|Any CPU
		{299E2DF5-244D-4D32-9D86-C5730657D7A5}.Debug|Any CPU.Build.0 = Debug|Any CPU
		{299E2DF5-244D-4D32-9D86-C5730657D7A5}.Release|Any CPU.ActiveCfg = Release|Any CPU
		{299E2DF5-244D-4D32-9D86-C5730657D7A5}.Release|Any CPU.Build.0 = Release|Any CPU
		{2025F930-88A7-43B0-B056-85FF3D83424E}.Debug|Any CPU.ActiveCfg = Debug|Any CPU
		{2025F930-88A7-43B0-B056-85FF3D83424E}.Debug|Any CPU.Build.0 = Debug|Any CPU
		{2025F930-88A7-43B0-B056-85FF3D83424E}.Release|Any CPU.ActiveCfg = Release|Any CPU
		{2025F930-88A7-43B0-B056-85FF3D83424E}.Release|Any CPU.Build.0 = Release|Any CPU
		{04C3B052-9CE5-43BE-BEC0-4DC9F5154223}.Debug|Any CPU.ActiveCfg = Debug|Any CPU
		{04C3B052-9CE5-43BE-BEC0-4DC9F5154223}.Debug|Any CPU.Build.0 = Debug|Any CPU
		{04C3B052-9CE5-43BE-BEC0-4DC9F5154223}.Release|Any CPU.ActiveCfg = Release|Any CPU
		{04C3B052-9CE5-43BE-BEC0-4DC9F5154223}.Release|Any CPU.Build.0 = Release|Any CPU
	EndGlobalSection
	GlobalSection(SolutionProperties) = preSolution
		HideSolutionNode = FALSE
	EndGlobalSection
EndGlobal
