
Microsoft Visual Studio Solution File, Format Version 11.00
# Visual Studio 2010
Project("{FAE04EC0-301F-11D3-BF4B-00C04F79EFBC}") = "Library", "Library\Library.csproj", "{3915ADD6-5F33-4452-89EA-8906518E2128}"
EndProject
Project("{FAE04EC0-301F-11D3-BF4B-00C04F79EFBC}") = "Services", "Services\Services.csproj", "{34AECC13-2214-4FB6-B4E5-016FEE0120A5}"
EndProject
Project("{FAE04EC0-301F-11D3-BF4B-00C04F79EFBC}") = "SqlServer.2008R2", "SqlServer\2008R2\SqlServer.2008R2.csproj", "{5CFC8782-7087-4F37-AA3B-ED503E3BDAE6}"
EndProject
Project("{FAE04EC0-301F-11D3-BF4B-00C04F79EFBC}") = "Fdo", "Fdo\Fdo.csproj", "{6CCF671A-CF09-418F-886E-98E7F069321D}"
EndProject
Project("{FAE04EC0-301F-11D3-BF4B-00C04F79EFBC}") = "SharpMap", "SharpMap\SharpMap.csproj", "{6470553D-BFB6-40FE-92AC-B9466F129CF0}"
EndProject
Project("{FAE04EC0-301F-11D3-BF4B-00C04F79EFBC}") = "SqlServer.2012", "SqlServer\2012\SqlServer.2012.csproj", "{F78E269D-382D-448D-A847-C083119EF2C5}"
EndProject
Global
	GlobalSection(SolutionConfigurationPlatforms) = preSolution
		Debug|Any CPU = Debug|Any CPU
		Release|Any CPU = Release|Any CPU
	EndGlobalSection
	GlobalSection(ProjectConfigurationPlatforms) = postSolution
		{3915ADD6-5F33-4452-89EA-8906518E2128}.Debug|Any CPU.ActiveCfg = Debug|Any CPU
		{3915ADD6-5F33-4452-89EA-8906518E2128}.Debug|Any CPU.Build.0 = Debug|Any CPU
		{3915ADD6-5F33-4452-89EA-8906518E2128}.Release|Any CPU.ActiveCfg = Release|Any CPU
		{3915ADD6-5F33-4452-89EA-8906518E2128}.Release|Any CPU.Build.0 = Release|Any CPU
		{34AECC13-2214-4FB6-B4E5-016FEE0120A5}.Debug|Any CPU.ActiveCfg = Debug|Any CPU
		{34AECC13-2214-4FB6-B4E5-016FEE0120A5}.Debug|Any CPU.Build.0 = Debug|Any CPU
		{34AECC13-2214-4FB6-B4E5-016FEE0120A5}.Release|Any CPU.ActiveCfg = Release|Any CPU
		{34AECC13-2214-4FB6-B4E5-016FEE0120A5}.Release|Any CPU.Build.0 = Release|Any CPU
		{5CFC8782-7087-4F37-AA3B-ED503E3BDAE6}.Debug|Any CPU.ActiveCfg = Debug|Any CPU
		{5CFC8782-7087-4F37-AA3B-ED503E3BDAE6}.Debug|Any CPU.Build.0 = Debug|Any CPU
		{5CFC8782-7087-4F37-AA3B-ED503E3BDAE6}.Release|Any CPU.ActiveCfg = Release|Any CPU
		{5CFC8782-7087-4F37-AA3B-ED503E3BDAE6}.Release|Any CPU.Build.0 = Release|Any CPU
		{6CCF671A-CF09-418F-886E-98E7F069321D}.Debug|Any CPU.ActiveCfg = Debug|Any CPU
		{6CCF671A-CF09-418F-886E-98E7F069321D}.Debug|Any CPU.Build.0 = Debug|Any CPU
		{6CCF671A-CF09-418F-886E-98E7F069321D}.Release|Any CPU.ActiveCfg = Release|Any CPU
		{6CCF671A-CF09-418F-886E-98E7F069321D}.Release|Any CPU.Build.0 = Release|Any CPU
		{6470553D-BFB6-40FE-92AC-B9466F129CF0}.Debug|Any CPU.ActiveCfg = Debug|Any CPU
		{6470553D-BFB6-40FE-92AC-B9466F129CF0}.Debug|Any CPU.Build.0 = Debug|Any CPU
		{6470553D-BFB6-40FE-92AC-B9466F129CF0}.Release|Any CPU.ActiveCfg = Release|Any CPU
		{6470553D-BFB6-40FE-92AC-B9466F129CF0}.Release|Any CPU.Build.0 = Release|Any CPU
		{F78E269D-382D-448D-A847-C083119EF2C5}.Debug|Any CPU.ActiveCfg = Debug|Any CPU
		{F78E269D-382D-448D-A847-C083119EF2C5}.Debug|Any CPU.Build.0 = Debug|Any CPU
		{F78E269D-382D-448D-A847-C083119EF2C5}.Release|Any CPU.ActiveCfg = Release|Any CPU
		{F78E269D-382D-448D-A847-C083119EF2C5}.Release|Any CPU.Build.0 = Release|Any CPU
	EndGlobalSection
	GlobalSection(SolutionProperties) = preSolution
		HideSolutionNode = FALSE
	EndGlobalSection
EndGlobal
